
Microsoft Visual Studio Solution File, Format Version 12.00
# Visual Studio Version 17
VisualStudioVersion = 17.14.36203.30 d17.14
MinimumVisualStudioVersion = 10.0.40219.1
Project("{FAE04EC0-301F-11D3-BF4B-00C04F79EFBC}") = "TaskManagerPro.API", "TaskManagerPro.API\TaskManagerPro.API.csproj", "{19E48E74-62F8-4DE3-8DBA-4D99F0D00E4E}"
EndProject
Global
	GlobalSection(SolutionConfigurationPlatforms) = preSolution
		Debug|Any CPU = Debug|Any CPU
		Release|Any CPU = Release|Any CPU
	EndGlobalSection
	GlobalSection(ProjectConfigurationPlatforms) = postSolution
		{19E48E74-62F8-4DE3-8DBA-4D99F0D00E4E}.Debug|Any CPU.ActiveCfg = Debug|Any CPU
		{19E48E74-62F8-4DE3-8DBA-4D99F0D00E4E}.Debug|Any CPU.Build.0 = Debug|Any CPU
		{19E48E74-62F8-4DE3-8DBA-4D99F0D00E4E}.Release|Any CPU.ActiveCfg = Release|Any CPU
		{19E48E74-62F8-4DE3-8DBA-4D99F0D00E4E}.Release|Any CPU.Build.0 = Release|Any CPU
	EndGlobalSection
	GlobalSection(SolutionProperties) = preSolution
		HideSolutionNode = FALSE
	EndGlobalSection
	GlobalSection(ExtensibilityGlobals) = postSolution
		SolutionGuid = {B13838AE-2733-4063-ABA8-AF5C244336BA}
	EndGlobalSection
EndGlobal
